
Microsoft Visual Studio Solution File, Format Version 12.00
# Visual Studio Version 17
VisualStudioVersion = 17.5.33424.131
MinimumVisualStudioVersion = 10.0.40219.1
Project("{FAE04EC0-301F-11D3-BF4B-00C04F79EFBC}") = "WEB_IrinaV.Android", "WEB_IrinaV.Android\WEB_IrinaV.Android.csproj", "{238FABB7-47D2-4444-8204-E6E969DC4DDA}"
EndProject
Project("{FAE04EC0-301F-11D3-BF4B-00C04F79EFBC}") = "WEB_IrinaV", "WEB_IrinaV\WEB_IrinaV.csproj", "{AD2A19F0-FE11-485F-8CBD-153D6860CAE3}"
EndProject
Global
	GlobalSection(SolutionConfigurationPlatforms) = preSolution
		Debug|Any CPU = Debug|Any CPU
		Release|Any CPU = Release|Any CPU
	EndGlobalSection
	GlobalSection(ProjectConfigurationPlatforms) = postSolution
		{238FABB7-47D2-4444-8204-E6E969DC4DDA}.Debug|Any CPU.ActiveCfg = Debug|Any CPU
		{238FABB7-47D2-4444-8204-E6E969DC4DDA}.Debug|Any CPU.Build.0 = Debug|Any CPU
		{238FABB7-47D2-4444-8204-E6E969DC4DDA}.Debug|Any CPU.Deploy.0 = Debug|Any CPU
		{238FABB7-47D2-4444-8204-E6E969DC4DDA}.Release|Any CPU.ActiveCfg = Release|Any CPU
		{238FABB7-47D2-4444-8204-E6E969DC4DDA}.Release|Any CPU.Build.0 = Release|Any CPU
		{238FABB7-47D2-4444-8204-E6E969DC4DDA}.Release|Any CPU.Deploy.0 = Release|Any CPU
		{AD2A19F0-FE11-485F-8CBD-153D6860CAE3}.Debug|Any CPU.ActiveCfg = Debug|Any CPU
		{AD2A19F0-FE11-485F-8CBD-153D6860CAE3}.Debug|Any CPU.Build.0 = Debug|Any CPU
		{AD2A19F0-FE11-485F-8CBD-153D6860CAE3}.Debug|Any CPU.Deploy.0 = Debug|Any CPU
		{AD2A19F0-FE11-485F-8CBD-153D6860CAE3}.Release|Any CPU.ActiveCfg = Release|Any CPU
		{AD2A19F0-FE11-485F-8CBD-153D6860CAE3}.Release|Any CPU.Build.0 = Release|Any CPU
		{AD2A19F0-FE11-485F-8CBD-153D6860CAE3}.Release|Any CPU.Deploy.0 = Release|Any CPU
	EndGlobalSection
	GlobalSection(SolutionProperties) = preSolution
		HideSolutionNode = FALSE
	EndGlobalSection
	GlobalSection(ExtensibilityGlobals) = postSolution
		SolutionGuid = {A63FEA17-ADC6-495E-8C0D-4788B79B6B77}
	EndGlobalSection
EndGlobal
